
Microsoft Visual Studio Solution File, Format Version 12.00
# Visual Studio 2012
Project("{FAE04EC0-301F-11D3-BF4B-00C04F79EFBC}") = "GitTest", "GitTest\GitTest.csproj", "{FAF65FB0-C0D8-439B-BE92-B974DCEC11B8}"
EndProject
Global
	GlobalSection(SolutionConfigurationPlatforms) = preSolution
		Debug|Any CPU = Debug|Any CPU
		Release|Any CPU = Release|Any CPU
	EndGlobalSection
	GlobalSection(ProjectConfigurationPlatforms) = postSolution
		{FAF65FB0-C0D8-439B-BE92-B974DCEC11B8}.Debug|Any CPU.ActiveCfg = Debug|Any CPU
		{FAF65FB0-C0D8-439B-BE92-B974DCEC11B8}.Debug|Any CPU.Build.0 = Debug|Any CPU
		{FAF65FB0-C0D8-439B-BE92-B974DCEC11B8}.Release|Any CPU.ActiveCfg = Release|Any CPU
		{FAF65FB0-C0D8-439B-BE92-B974DCEC11B8}.Release|Any CPU.Build.0 = Release|Any CPU
	EndGlobalSection
	GlobalSection(SolutionProperties) = preSolution
		HideSolutionNode = FALSE
	EndGlobalSection
EndGlobal
